// !$*UTF8*$!
{
	archiveVersion = 1;
	classes = {
	};
	objectVersion = 46;
	objects = {

/* Begin PBXBuildFile section */
		BE6514501C4120F8006AFA87 /* AppDelegate.swift in Sources */ = {isa = PBXBuildFile; fileRef = BE65144F1C4120F8006AFA87 /* AppDelegate.swift */; };
		BE6514521C4120F8006AFA87 /* ViewController.swift in Sources */ = {isa = PBXBuildFile; fileRef = BE6514511C4120F8006AFA87 /* ViewController.swift */; };
		BE6514551C4120F8006AFA87 /* Main.storyboard in Resources */ = {isa = PBXBuildFile; fileRef = BE6514531C4120F8006AFA87 /* Main.storyboard */; };
		BE6514571C4120F8006AFA87 /* Assets.xcassets in Resources */ = {isa = PBXBuildFile; fileRef = BE6514561C4120F8006AFA87 /* Assets.xcassets */; };
		BE65145A1C4120F8006AFA87 /* LaunchScreen.storyboard in Resources */ = {isa = PBXBuildFile; fileRef = BE6514581C4120F8006AFA87 /* LaunchScreen.storyboard */; };
		BEAC6B321C41557E00FA8A9D /* CameraView.swift in Sources */ = {isa = PBXBuildFile; fileRef = BEAC6B311C41557E00FA8A9D /* CameraView.swift */; };
/* End PBXBuildFile section */

/* Begin PBXFileReference section */
		BE65144C1C4120F8006AFA87 /* Camera Back.app */ = {isa = PBXFileReference; explicitFileType = wrapper.application; includeInIndex = 0; path = "Camera Back.app"; sourceTree = BUILT_PRODUCTS_DIR; };
		BE65144F1C4120F8006AFA87 /* AppDelegate.swift */ = {isa = PBXFileReference; lastKnownFileType = sourcecode.swift; path = AppDelegate.swift; sourceTree = "<group>"; };
		BE6514511C4120F8006AFA87 /* ViewController.swift */ = {isa = PBXFileReference; lastKnownFileType = sourcecode.swift; path = ViewController.swift; sourceTree = "<group>"; };
		BE6514541C4120F8006AFA87 /* Base */ = {isa = PBXFileReference; lastKnownFileType = file.storyboard; name = Base; path = Base.lproj/Main.storyboard; sourceTree = "<group>"; };
		BE6514561C4120F8006AFA87 /* Assets.xcassets */ = {isa = PBXFileReference; lastKnownFileType = folder.assetcatalog; path = Assets.xcassets; sourceTree = "<group>"; };
		BE6514591C4120F8006AFA87 /* Base */ = {isa = PBXFileReference; lastKnownFileType = file.storyboard; name = Base; path = Base.lproj/LaunchScreen.storyboard; sourceTree = "<group>"; };
		BE65145B1C4120F8006AFA87 /* Info.plist */ = {isa = PBXFileReference; lastKnownFileType = text.plist.xml; path = Info.plist; sourceTree = "<group>"; };
		BEAC6B311C41557E00FA8A9D /* CameraView.swift */ = {isa = PBXFileReference; fileEncoding = 4; lastKnownFileType = sourcecode.swift; path = CameraView.swift; sourceTree = "<group>"; };
/* End PBXFileReference section */

/* Begin PBXFrameworksBuildPhase section */
		BE6514491C4120F8006AFA87 /* Frameworks */ = {
			isa = PBXFrameworksBuildPhase;
			buildActionMask = 2147483647;
			files = (
			);
			runOnlyForDeploymentPostprocessing = 0;
		};
/* End PBXFrameworksBuildPhase section */

/* Begin PBXGroup section */
		BE6514431C4120F8006AFA87 = {
			isa = PBXGroup;
			children = (
				BE65144E1C4120F8006AFA87 /* Camera Back */,
				BE65144D1C4120F8006AFA87 /* Products */,
			);
			sourceTree = "<group>";
		};
		BE65144D1C4120F8006AFA87 /* Products */ = {
			isa = PBXGroup;
			children = (
				BE65144C1C4120F8006AFA87 /* Camera Back.app */,
			);
			name = Products;
			sourceTree = "<group>";
		};
		BE65144E1C4120F8006AFA87 /* Camera Back */ = {
			isa = PBXGroup;
			children = (
				BE65144F1C4120F8006AFA87 /* AppDelegate.swift */,
				BE6514511C4120F8006AFA87 /* ViewController.swift */,
				BEAC6B311C41557E00FA8A9D /* CameraView.swift */,
				BE6514531C4120F8006AFA87 /* Main.storyboard */,
				BE6514561C4120F8006AFA87 /* Assets.xcassets */,
				BE6514581C4120F8006AFA87 /* LaunchScreen.storyboard */,
				BE65145B1C4120F8006AFA87 /* Info.plist */,
			);
			path = "Camera Back";
			sourceTree = "<group>";
		};
/* End PBXGroup section */

/* Begin PBXNativeTarget section */
		BE65144B1C4120F8006AFA87 /* Camera Back */ = {
			isa = PBXNativeTarget;
			buildConfigurationList = BE65145E1C4120F8006AFA87 /* Build configuration list for PBXNativeTarget "Camera Back" */;
			buildPhases = (
				BE6514481C4120F8006AFA87 /* Sources */,
				BE6514491C4120F8006AFA87 /* Frameworks */,
				BE65144A1C4120F8006AFA87 /* Resources */,
			);
			buildRules = (
			);
			dependencies = (
			);
			name = "Camera Back";
			productName = "Camera Back";
			productReference = BE65144C1C4120F8006AFA87 /* Camera Back.app */;
			productType = "com.apple.product-type.application";
		};
/* End PBXNativeTarget section */

/* Begin PBXProject section */
		BE6514441C4120F8006AFA87 /* Project object */ = {
			isa = PBXProject;
			attributes = {
				LastSwiftUpdateCheck = 0710;
				LastUpgradeCheck = 0710;
				ORGANIZATIONNAME = "Maroof Khan";
				TargetAttributes = {
					BE65144B1C4120F8006AFA87 = {
						CreatedOnToolsVersion = 7.1;
					};
				};
			};
			buildConfigurationList = BE6514471C4120F8006AFA87 /* Build configuration list for PBXProject "Camera Back" */;
			compatibilityVersion = "Xcode 3.2";
			developmentRegion = English;
			hasScannedForEncodings = 0;
			knownRegions = (
				en,
				Base,
			);
			mainGroup = BE6514431C4120F8006AFA87;
			productRefGroup = BE65144D1C4120F8006AFA87 /* Products */;
			projectDirPath = "";
			projectRoot = "";
			targets = (
				BE65144B1C4120F8006AFA87 /* Camera Back */,
			);
		};
/* End PBXProject section */

/* Begin PBXResourcesBuildPhase section */
		BE65144A1C4120F8006AFA87 /* Resources */ = {
			isa = PBXResourcesBuildPhase;
			buildActionMask = 2147483647;
			files = (
				BE65145A1C4120F8006AFA87 /* LaunchScreen.storyboard in Resources */,
				BE6514571C4120F8006AFA87 /* Assets.xcassets in Resources */,
				BE6514551C4120F8006AFA87 /* Main.storyboard in Resources */,
			);
			runOnlyForDeploymentPostprocessing = 0;
		};
/* End PBXResourcesBuildPhase section */

/* Begin PBXSourcesBuildPhase section */
		BE6514481C4120F8006AFA87 /* Sources */ = {
			isa = PBXSourcesBuildPhase;
			buildActionMask = 2147483647;
			files = (
				BEAC6B321C41557E00FA8A9D /* CameraView.swift in Sources */,
				BE6514521C4120F8006AFA87 /* ViewController.swift in Sources */,
				BE6514501C4120F8006AFA87 /* AppDelegate.swift in Sources */,
			);
			runOnlyForDeploymentPostprocessing = 0;
		};
/* End PBXSourcesBuildPhase section */

/* Begin PBXVariantGroup section */
		BE6514531C4120F8006AFA87 /* Main.storyboard */ = {
			isa = PBXVariantGroup;
			children = (
				BE6514541C4120F8006AFA87 /* Base */,
			);
			name = Main.storyboard;
			sourceTree = "<group>";
		};
		BE6514581C4120F8006AFA87 /* LaunchScreen.storyboard */ = {
			isa = PBXVariantGroup;
			children = (
				BE6514591C4120F8006AFA87 /* Base */,
			);
			name = LaunchScreen.storyboard;
			sourceTree = "<group>";
		};
/* End PBXVariantGroup section */

/* Begin XCBuildConfiguration section */
		BE65145C1C4120F8006AFA87 /* Debug */ = {
			isa = XCBuildConfiguration;
			buildSettings = {
				ALWAYS_SEARCH_USER_PATHS = NO;
				CLANG_CXX_LANGUAGE_STANDARD = "gnu++0x";
				CLANG_CXX_LIBRARY = "libc++";
				CLANG_ENABLE_MODULES = YES;
				CLANG_ENABLE_OBJC_ARC = YES;
				CLANG_WARN_BOOL_CONVERSION = YES;
				CLANG_WARN_CONSTANT_CONVERSION = YES;
				CLANG_WARN_DIRECT_OBJC_ISA_USAGE = YES_ERROR;
				CLANG_WARN_EMPTY_BODY = YES;
				CLANG_WARN_ENUM_CONVERSION = YES;
				CLANG_WARN_INT_CONVERSION = YES;
				CLANG_WARN_OBJC_ROOT_CLASS = YES_ERROR;
				CLANG_WARN_UNREACHABLE_CODE = YES;
				CLANG_WARN__DUPLICATE_METHOD_MATCH = YES;
				"CODE_SIGN_IDENTITY[sdk=iphoneos*]" = "iPhone Developer";
				COPY_PHASE_STRIP = NO;
				DEBUG_INFORMATION_FORMAT = dwarf;
				ENABLE_STRICT_OBJC_MSGSEND = YES;
				ENABLE_TESTABILITY = YES;
				GCC_C_LANGUAGE_STANDARD = gnu99;
				GCC_DYNAMIC_NO_PIC = NO;
				GCC_NO_COMMON_BLOCKS = YES;
				GCC_OPTIMIZATION_LEVEL = 0;
				GCC_PREPROCESSOR_DEFINITIONS = (
					"DEBUG=1",
					"$(inherited)",
				);
				GCC_WARN_64_TO_32_BIT_CONVERSION = YES;
				GCC_WARN_ABOUT_RETURN_TYPE = YES_ERROR;
				GCC_WARN_UNDECLARED_SELECTOR = YES;
				GCC_WARN_UNINITIALIZED_AUTOS = YES_AGGRESSIVE;
				GCC_WARN_UNUSED_FUNCTION = YES;
				GCC_WARN_UNUSED_VARIABLE = YES;
				IPHONEOS_DEPLOYMENT_TARGET = 9.1;
				MTL_ENABLE_DEBUG_INFO = YES;
				ONLY_ACTIVE_ARCH = YES;
				SDKROOT = iphoneos;
				SWIFT_OPTIMIZATION_LEVEL = "-Onone";
			};
			name = Debug;
		};
		BE65145D1C4120F8006AFA87 /* Release */ = {
			isa = XCBuildConfiguration;
			buildSettings = {
				ALWAYS_SEARCH_USER_PATHS = NO;
				CLANG_CXX_LANGUAGE_STANDARD = "gnu++0x";
				CLANG_CXX_LIBRARY = "libc++";
				CLANG_ENABLE_MODULES = YES;
				CLANG_ENABLE_OBJC_ARC = YES;
				CLANG_WARN_BOOL_CONVERSION = YES;
				CLANG_WARN_CONSTANT_CONVERSION = YES;
				CLANG_WARN_DIRECT_OBJC_ISA_USAGE = YES_ERROR;
				CLANG_WARN_EMPTY_BODY = YES;
				CLANG_WARN_ENUM_CONVERSION = YES;
				CLANG_WARN_INT_CONVERSION = YES;
				CLANG_WARN_OBJC_ROOT_CLASS = YES_ERROR;
				CLANG_WARN_UNREACHABLE_CODE = YES;
				CLANG_WARN__DUPLICATE_METHOD_MATCH = YES;
				"CODE_SIGN_IDENTITY[sdk=iphoneos*]" = "iPhone Developer";
				COPY_PHASE_STRIP = NO;
				DEBUG_INFORMATION_FORMAT = "dwarf-with-dsym";
				ENABLE_NS_ASSERTIONS = NO;
				ENABLE_STRICT_OBJC_MSGSEND = YES;
				GCC_C_LANGUAGE_STANDARD = gnu99;
				GCC_NO_COMMON_BLOCKS = YES;
				GCC_WARN_64_TO_32_BIT_CONVERSION = YES;
				GCC_WARN_ABOUT_RETURN_TYPE = YES_ERROR;
				GCC_WARN_UNDECLARED_SELECTOR = YES;
				GCC_WARN_UNINITIALIZED_AUTOS = YES_AGGRESSIVE;
				GCC_WARN_UNUSED_FUNCTION = YES;
				GCC_WARN_UNUSED_VARIABLE = YES;
				IPHONEOS_DEPLOYMENT_TARGET = 9.1;
				MTL_ENABLE_DEBUG_INFO = NO;
				SDKROOT = iphoneos;
				VALIDATE_PRODUCT = YES;
			};
			name = Release;
		};
		BE65145F1C4120F8006AFA87 /* Debug */ = {
			isa = XCBuildConfiguration;
			buildSettings = {
				ASSETCATALOG_COMPILER_APPICON_NAME = AppIcon;
				INFOPLIST_FILE = "Camera Back/Info.plist";
				LD_RUNPATH_SEARCH_PATHS = "$(inherited) @executable_path/Frameworks";
				PRODUCT_BUNDLE_IDENTIFIER = "inc.pluto.Camera-Back";
				PRODUCT_NAME = "$(TARGET_NAME)";
			};
			name = Debug;
		};
		BE6514601C4120F8006AFA87 /* Release */ = {
			isa = XCBuildConfiguration;
			buildSettings = {
				ASSETCATALOG_COMPILER_APPICON_NAME = AppIcon;
				INFOPLIST_FILE = "Camera Back/Info.plist";
				LD_RUNPATH_SEARCH_PATHS = "$(inherited) @executable_path/Frameworks";
				PRODUCT_BUNDLE_IDENTIFIER = "inc.pluto.Camera-Back";
				PRODUCT_NAME = "$(TARGET_NAME)";
			};
			name = Release;
		};
/* End XCBuildConfiguration section */

/* Begin XCConfigurationList section */
		BE6514471C4120F8006AFA87 /* Build configuration list for PBXProject "Camera Back" */ = {
			isa = XCConfigurationList;
			buildConfigurations = (
				BE65145C1C4120F8006AFA87 /* Debug */,
				BE65145D1C4120F8006AFA87 /* Release */,
			);
			defaultConfigurationIsVisible = 0;
			defaultConfigurationName = Release;
		};
		BE65145E1C4120F8006AFA87 /* Build configuration list for PBXNativeTarget "Camera Back" */ = {
			isa = XCConfigurationList;
			buildConfigurations = (
				BE65145F1C4120F8006AFA87 /* Debug */,
				BE6514601C4120F8006AFA87 /* Release */,
			);
			defaultConfigurationIsVisible = 0;
			defaultConfigurationName = Release;
		};
/* End XCConfigurationList section */
	};
	rootObject = BE6514441C4120F8006AFA87 /* Project object */;
}
