// !$*UTF8*$!
{
	archiveVersion = 1;
	classes = {
	};
	objectVersion = 46;
	objects = {

/* Begin PBXBuildFile section */
		BE7227AA1A685A8100B2A6EE /* AppDelegate.swift in Sources */ = {isa = PBXBuildFile; fileRef = BE7227A91A685A8100B2A6EE /* AppDelegate.swift */; };
		BE7227AC1A685A8100B2A6EE /* ViewController.swift in Sources */ = {isa = PBXBuildFile; fileRef = BE7227AB1A685A8100B2A6EE /* ViewController.swift */; };
		BE7227AF1A685A8100B2A6EE /* Main.storyboard in Resources */ = {isa = PBXBuildFile; fileRef = BE7227AD1A685A8100B2A6EE /* Main.storyboard */; };
		BE7227B11A685A8100B2A6EE /* Images.xcassets in Resources */ = {isa = PBXBuildFile; fileRef = BE7227B01A685A8100B2A6EE /* Images.xcassets */; };
		BE7227B41A685A8100B2A6EE /* LaunchScreen.xib in Resources */ = {isa = PBXBuildFile; fileRef = BE7227B21A685A8100B2A6EE /* LaunchScreen.xib */; };
		BE7227C01A685A8100B2A6EE /* CameraBackViewTests.swift in Sources */ = {isa = PBXBuildFile; fileRef = BE7227BF1A685A8100B2A6EE /* CameraBackViewTests.swift */; };
/* End PBXBuildFile section */

/* Begin PBXContainerItemProxy section */
		BE7227BA1A685A8100B2A6EE /* PBXContainerItemProxy */ = {
			isa = PBXContainerItemProxy;
			containerPortal = BE72279C1A685A8100B2A6EE /* Project object */;
			proxyType = 1;
			remoteGlobalIDString = BE7227A31A685A8100B2A6EE;
			remoteInfo = CameraBackView;
		};
/* End PBXContainerItemProxy section */

/* Begin PBXFileReference section */
		BE7227A41A685A8100B2A6EE /* CameraBackView.app */ = {isa = PBXFileReference; explicitFileType = wrapper.application; includeInIndex = 0; path = CameraBackView.app; sourceTree = BUILT_PRODUCTS_DIR; };
		BE7227A81A685A8100B2A6EE /* Info.plist */ = {isa = PBXFileReference; lastKnownFileType = text.plist.xml; path = Info.plist; sourceTree = "<group>"; };
		BE7227A91A685A8100B2A6EE /* AppDelegate.swift */ = {isa = PBXFileReference; lastKnownFileType = sourcecode.swift; path = AppDelegate.swift; sourceTree = "<group>"; };
		BE7227AB1A685A8100B2A6EE /* ViewController.swift */ = {isa = PBXFileReference; lastKnownFileType = sourcecode.swift; path = ViewController.swift; sourceTree = "<group>"; };
		BE7227AE1A685A8100B2A6EE /* Base */ = {isa = PBXFileReference; lastKnownFileType = file.storyboard; name = Base; path = Base.lproj/Main.storyboard; sourceTree = "<group>"; };
		BE7227B01A685A8100B2A6EE /* Images.xcassets */ = {isa = PBXFileReference; lastKnownFileType = folder.assetcatalog; path = Images.xcassets; sourceTree = "<group>"; };
		BE7227B31A685A8100B2A6EE /* Base */ = {isa = PBXFileReference; lastKnownFileType = file.xib; name = Base; path = Base.lproj/LaunchScreen.xib; sourceTree = "<group>"; };
		BE7227B91A685A8100B2A6EE /* CameraBackViewTests.xctest */ = {isa = PBXFileReference; explicitFileType = wrapper.cfbundle; includeInIndex = 0; path = CameraBackViewTests.xctest; sourceTree = BUILT_PRODUCTS_DIR; };
		BE7227BE1A685A8100B2A6EE /* Info.plist */ = {isa = PBXFileReference; lastKnownFileType = text.plist.xml; path = Info.plist; sourceTree = "<group>"; };
		BE7227BF1A685A8100B2A6EE /* CameraBackViewTests.swift */ = {isa = PBXFileReference; lastKnownFileType = sourcecode.swift; path = CameraBackViewTests.swift; sourceTree = "<group>"; };
/* End PBXFileReference section */

/* Begin PBXFrameworksBuildPhase section */
		BE7227A11A685A8100B2A6EE /* Frameworks */ = {
			isa = PBXFrameworksBuildPhase;
			buildActionMask = 2147483647;
			files = (
			);
			runOnlyForDeploymentPostprocessing = 0;
		};
		BE7227B61A685A8100B2A6EE /* Frameworks */ = {
			isa = PBXFrameworksBuildPhase;
			buildActionMask = 2147483647;
			files = (
			);
			runOnlyForDeploymentPostprocessing = 0;
		};
/* End PBXFrameworksBuildPhase section */

/* Begin PBXGroup section */
		BE72279B1A685A8100B2A6EE = {
			isa = PBXGroup;
			children = (
				BE7227A61A685A8100B2A6EE /* CameraBackView */,
				BE7227BC1A685A8100B2A6EE /* CameraBackViewTests */,
				BE7227A51A685A8100B2A6EE /* Products */,
			);
			sourceTree = "<group>";
		};
		BE7227A51A685A8100B2A6EE /* Products */ = {
			isa = PBXGroup;
			children = (
				BE7227A41A685A8100B2A6EE /* CameraBackView.app */,
				BE7227B91A685A8100B2A6EE /* CameraBackViewTests.xctest */,
			);
			name = Products;
			sourceTree = "<group>";
		};
		BE7227A61A685A8100B2A6EE /* CameraBackView */ = {
			isa = PBXGroup;
			children = (
				BE7227A91A685A8100B2A6EE /* AppDelegate.swift */,
				BE7227AB1A685A8100B2A6EE /* ViewController.swift */,
				BE7227AD1A685A8100B2A6EE /* Main.storyboard */,
				BE7227B01A685A8100B2A6EE /* Images.xcassets */,
				BE7227B21A685A8100B2A6EE /* LaunchScreen.xib */,
				BE7227A71A685A8100B2A6EE /* Supporting Files */,
			);
			path = CameraBackView;
			sourceTree = "<group>";
		};
		BE7227A71A685A8100B2A6EE /* Supporting Files */ = {
			isa = PBXGroup;
			children = (
				BE7227A81A685A8100B2A6EE /* Info.plist */,
			);
			name = "Supporting Files";
			sourceTree = "<group>";
		};
		BE7227BC1A685A8100B2A6EE /* CameraBackViewTests */ = {
			isa = PBXGroup;
			children = (
				BE7227BF1A685A8100B2A6EE /* CameraBackViewTests.swift */,
				BE7227BD1A685A8100B2A6EE /* Supporting Files */,
			);
			path = CameraBackViewTests;
			sourceTree = "<group>";
		};
		BE7227BD1A685A8100B2A6EE /* Supporting Files */ = {
			isa = PBXGroup;
			children = (
				BE7227BE1A685A8100B2A6EE /* Info.plist */,
			);
			name = "Supporting Files";
			sourceTree = "<group>";
		};
/* End PBXGroup section */

/* Begin PBXNativeTarget section */
		BE7227A31A685A8100B2A6EE /* CameraBackView */ = {
			isa = PBXNativeTarget;
			buildConfigurationList = BE7227C31A685A8100B2A6EE /* Build configuration list for PBXNativeTarget "CameraBackView" */;
			buildPhases = (
				BE7227A01A685A8100B2A6EE /* Sources */,
				BE7227A11A685A8100B2A6EE /* Frameworks */,
				BE7227A21A685A8100B2A6EE /* Resources */,
			);
			buildRules = (
			);
			dependencies = (
			);
			name = CameraBackView;
			productName = CameraBackView;
			productReference = BE7227A41A685A8100B2A6EE /* CameraBackView.app */;
			productType = "com.apple.product-type.application";
		};
		BE7227B81A685A8100B2A6EE /* CameraBackViewTests */ = {
			isa = PBXNativeTarget;
			buildConfigurationList = BE7227C61A685A8100B2A6EE /* Build configuration list for PBXNativeTarget "CameraBackViewTests" */;
			buildPhases = (
				BE7227B51A685A8100B2A6EE /* Sources */,
				BE7227B61A685A8100B2A6EE /* Frameworks */,
				BE7227B71A685A8100B2A6EE /* Resources */,
			);
			buildRules = (
			);
			dependencies = (
				BE7227BB1A685A8100B2A6EE /* PBXTargetDependency */,
			);
			name = CameraBackViewTests;
			productName = CameraBackViewTests;
			productReference = BE7227B91A685A8100B2A6EE /* CameraBackViewTests.xctest */;
			productType = "com.apple.product-type.bundle.unit-test";
		};
/* End PBXNativeTarget section */

/* Begin PBXProject section */
		BE72279C1A685A8100B2A6EE /* Project object */ = {
			isa = PBXProject;
			attributes = {
				LastUpgradeCheck = 0610;
				ORGANIZATIONNAME = "Maroof Khan";
				TargetAttributes = {
					BE7227A31A685A8100B2A6EE = {
						CreatedOnToolsVersion = 6.1;
					};
					BE7227B81A685A8100B2A6EE = {
						CreatedOnToolsVersion = 6.1;
						TestTargetID = BE7227A31A685A8100B2A6EE;
					};
				};
			};
			buildConfigurationList = BE72279F1A685A8100B2A6EE /* Build configuration list for PBXProject "CameraBackView" */;
			compatibilityVersion = "Xcode 3.2";
			developmentRegion = English;
			hasScannedForEncodings = 0;
			knownRegions = (
				en,
				Base,
			);
			mainGroup = BE72279B1A685A8100B2A6EE;
			productRefGroup = BE7227A51A685A8100B2A6EE /* Products */;
			projectDirPath = "";
			projectRoot = "";
			targets = (
				BE7227A31A685A8100B2A6EE /* CameraBackView */,
				BE7227B81A685A8100B2A6EE /* CameraBackViewTests */,
			);
		};
/* End PBXProject section */

/* Begin PBXResourcesBuildPhase section */
		BE7227A21A685A8100B2A6EE /* Resources */ = {
			isa = PBXResourcesBuildPhase;
			buildActionMask = 2147483647;
			files = (
				BE7227AF1A685A8100B2A6EE /* Main.storyboard in Resources */,
				BE7227B41A685A8100B2A6EE /* LaunchScreen.xib in Resources */,
				BE7227B11A685A8100B2A6EE /* Images.xcassets in Resources */,
			);
			runOnlyForDeploymentPostprocessing = 0;
		};
		BE7227B71A685A8100B2A6EE /* Resources */ = {
			isa = PBXResourcesBuildPhase;
			buildActionMask = 2147483647;
			files = (
			);
			runOnlyForDeploymentPostprocessing = 0;
		};
/* End PBXResourcesBuildPhase section */

/* Begin PBXSourcesBuildPhase section */
		BE7227A01A685A8100B2A6EE /* Sources */ = {
			isa = PBXSourcesBuildPhase;
			buildActionMask = 2147483647;
			files = (
				BE7227AC1A685A8100B2A6EE /* ViewController.swift in Sources */,
				BE7227AA1A685A8100B2A6EE /* AppDelegate.swift in Sources */,
			);
			runOnlyForDeploymentPostprocessing = 0;
		};
		BE7227B51A685A8100B2A6EE /* Sources */ = {
			isa = PBXSourcesBuildPhase;
			buildActionMask = 2147483647;
			files = (
				BE7227C01A685A8100B2A6EE /* CameraBackViewTests.swift in Sources */,
			);
			runOnlyForDeploymentPostprocessing = 0;
		};
/* End PBXSourcesBuildPhase section */

/* Begin PBXTargetDependency section */
		BE7227BB1A685A8100B2A6EE /* PBXTargetDependency */ = {
			isa = PBXTargetDependency;
			target = BE7227A31A685A8100B2A6EE /* CameraBackView */;
			targetProxy = BE7227BA1A685A8100B2A6EE /* PBXContainerItemProxy */;
		};
/* End PBXTargetDependency section */

/* Begin PBXVariantGroup section */
		BE7227AD1A685A8100B2A6EE /* Main.storyboard */ = {
			isa = PBXVariantGroup;
			children = (
				BE7227AE1A685A8100B2A6EE /* Base */,
			);
			name = Main.storyboard;
			sourceTree = "<group>";
		};
		BE7227B21A685A8100B2A6EE /* LaunchScreen.xib */ = {
			isa = PBXVariantGroup;
			children = (
				BE7227B31A685A8100B2A6EE /* Base */,
			);
			name = LaunchScreen.xib;
			sourceTree = "<group>";
		};
/* End PBXVariantGroup section */

/* Begin XCBuildConfiguration section */
		BE7227C11A685A8100B2A6EE /* Debug */ = {
			isa = XCBuildConfiguration;
			buildSettings = {
				ALWAYS_SEARCH_USER_PATHS = NO;
				CLANG_CXX_LANGUAGE_STANDARD = "gnu++0x";
				CLANG_CXX_LIBRARY = "libc++";
				CLANG_ENABLE_MODULES = YES;
				CLANG_ENABLE_OBJC_ARC = YES;
				CLANG_WARN_BOOL_CONVERSION = YES;
				CLANG_WARN_CONSTANT_CONVERSION = YES;
				CLANG_WARN_DIRECT_OBJC_ISA_USAGE = YES_ERROR;
				CLANG_WARN_EMPTY_BODY = YES;
				CLANG_WARN_ENUM_CONVERSION = YES;
				CLANG_WARN_INT_CONVERSION = YES;
				CLANG_WARN_OBJC_ROOT_CLASS = YES_ERROR;
				CLANG_WARN_UNREACHABLE_CODE = YES;
				CLANG_WARN__DUPLICATE_METHOD_MATCH = YES;
				"CODE_SIGN_IDENTITY[sdk=iphoneos*]" = "iPhone Developer";
				COPY_PHASE_STRIP = NO;
				ENABLE_STRICT_OBJC_MSGSEND = YES;
				GCC_C_LANGUAGE_STANDARD = gnu99;
				GCC_DYNAMIC_NO_PIC = NO;
				GCC_OPTIMIZATION_LEVEL = 0;
				GCC_PREPROCESSOR_DEFINITIONS = (
					"DEBUG=1",
					"$(inherited)",
				);
				GCC_SYMBOLS_PRIVATE_EXTERN = NO;
				GCC_WARN_64_TO_32_BIT_CONVERSION = YES;
				GCC_WARN_ABOUT_RETURN_TYPE = YES_ERROR;
				GCC_WARN_UNDECLARED_SELECTOR = YES;
				GCC_WARN_UNINITIALIZED_AUTOS = YES_AGGRESSIVE;
				GCC_WARN_UNUSED_FUNCTION = YES;
				GCC_WARN_UNUSED_VARIABLE = YES;
				IPHONEOS_DEPLOYMENT_TARGET = 8.1;
				MTL_ENABLE_DEBUG_INFO = YES;
				ONLY_ACTIVE_ARCH = YES;
				SDKROOT = iphoneos;
				SWIFT_OPTIMIZATION_LEVEL = "-Onone";
				TARGETED_DEVICE_FAMILY = "1,2";
			};
			name = Debug;
		};
		BE7227C21A685A8100B2A6EE /* Release */ = {
			isa = XCBuildConfiguration;
			buildSettings = {
				ALWAYS_SEARCH_USER_PATHS = NO;
				CLANG_CXX_LANGUAGE_STANDARD = "gnu++0x";
				CLANG_CXX_LIBRARY = "libc++";
				CLANG_ENABLE_MODULES = YES;
				CLANG_ENABLE_OBJC_ARC = YES;
				CLANG_WARN_BOOL_CONVERSION = YES;
				CLANG_WARN_CONSTANT_CONVERSION = YES;
				CLANG_WARN_DIRECT_OBJC_ISA_USAGE = YES_ERROR;
				CLANG_WARN_EMPTY_BODY = YES;
				CLANG_WARN_ENUM_CONVERSION = YES;
				CLANG_WARN_INT_CONVERSION = YES;
				CLANG_WARN_OBJC_ROOT_CLASS = YES_ERROR;
				CLANG_WARN_UNREACHABLE_CODE = YES;
				CLANG_WARN__DUPLICATE_METHOD_MATCH = YES;
				"CODE_SIGN_IDENTITY[sdk=iphoneos*]" = "iPhone Developer";
				COPY_PHASE_STRIP = YES;
				ENABLE_NS_ASSERTIONS = NO;
				ENABLE_STRICT_OBJC_MSGSEND = YES;
				GCC_C_LANGUAGE_STANDARD = gnu99;
				GCC_WARN_64_TO_32_BIT_CONVERSION = YES;
				GCC_WARN_ABOUT_RETURN_TYPE = YES_ERROR;
				GCC_WARN_UNDECLARED_SELECTOR = YES;
				GCC_WARN_UNINITIALIZED_AUTOS = YES_AGGRESSIVE;
				GCC_WARN_UNUSED_FUNCTION = YES;
				GCC_WARN_UNUSED_VARIABLE = YES;
				IPHONEOS_DEPLOYMENT_TARGET = 8.1;
				MTL_ENABLE_DEBUG_INFO = NO;
				SDKROOT = iphoneos;
				TARGETED_DEVICE_FAMILY = "1,2";
				VALIDATE_PRODUCT = YES;
			};
			name = Release;
		};
		BE7227C41A685A8100B2A6EE /* Debug */ = {
			isa = XCBuildConfiguration;
			buildSettings = {
				ASSETCATALOG_COMPILER_APPICON_NAME = AppIcon;
				INFOPLIST_FILE = CameraBackView/Info.plist;
				LD_RUNPATH_SEARCH_PATHS = "$(inherited) @executable_path/Frameworks";
				PRODUCT_NAME = "$(TARGET_NAME)";
			};
			name = Debug;
		};
		BE7227C51A685A8100B2A6EE /* Release */ = {
			isa = XCBuildConfiguration;
			buildSettings = {
				ASSETCATALOG_COMPILER_APPICON_NAME = AppIcon;
				INFOPLIST_FILE = CameraBackView/Info.plist;
				LD_RUNPATH_SEARCH_PATHS = "$(inherited) @executable_path/Frameworks";
				PRODUCT_NAME = "$(TARGET_NAME)";
			};
			name = Release;
		};
		BE7227C71A685A8100B2A6EE /* Debug */ = {
			isa = XCBuildConfiguration;
			buildSettings = {
				BUNDLE_LOADER = "$(TEST_HOST)";
				FRAMEWORK_SEARCH_PATHS = (
					"$(SDKROOT)/Developer/Library/Frameworks",
					"$(inherited)",
				);
				GCC_PREPROCESSOR_DEFINITIONS = (
					"DEBUG=1",
					"$(inherited)",
				);
				INFOPLIST_FILE = CameraBackViewTests/Info.plist;
				LD_RUNPATH_SEARCH_PATHS = "$(inherited) @executable_path/Frameworks @loader_path/Frameworks";
				PRODUCT_NAME = "$(TARGET_NAME)";
				TEST_HOST = "$(BUILT_PRODUCTS_DIR)/CameraBackView.app/CameraBackView";
			};
			name = Debug;
		};
		BE7227C81A685A8100B2A6EE /* Release */ = {
			isa = XCBuildConfiguration;
			buildSettings = {
				BUNDLE_LOADER = "$(TEST_HOST)";
				FRAMEWORK_SEARCH_PATHS = (
					"$(SDKROOT)/Developer/Library/Frameworks",
					"$(inherited)",
				);
				INFOPLIST_FILE = CameraBackViewTests/Info.plist;
				LD_RUNPATH_SEARCH_PATHS = "$(inherited) @executable_path/Frameworks @loader_path/Frameworks";
				PRODUCT_NAME = "$(TARGET_NAME)";
				TEST_HOST = "$(BUILT_PRODUCTS_DIR)/CameraBackView.app/CameraBackView";
			};
			name = Release;
		};
/* End XCBuildConfiguration section */

/* Begin XCConfigurationList section */
		BE72279F1A685A8100B2A6EE /* Build configuration list for PBXProject "CameraBackView" */ = {
			isa = XCConfigurationList;
			buildConfigurations = (
				BE7227C11A685A8100B2A6EE /* Debug */,
				BE7227C21A685A8100B2A6EE /* Release */,
			);
			defaultConfigurationIsVisible = 0;
			defaultConfigurationName = Release;
		};
		BE7227C31A685A8100B2A6EE /* Build configuration list for PBXNativeTarget "CameraBackView" */ = {
			isa = XCConfigurationList;
			buildConfigurations = (
				BE7227C41A685A8100B2A6EE /* Debug */,
				BE7227C51A685A8100B2A6EE /* Release */,
			);
			defaultConfigurationIsVisible = 0;
		};
		BE7227C61A685A8100B2A6EE /* Build configuration list for PBXNativeTarget "CameraBackViewTests" */ = {
			isa = XCConfigurationList;
			buildConfigurations = (
				BE7227C71A685A8100B2A6EE /* Debug */,
				BE7227C81A685A8100B2A6EE /* Release */,
			);
			defaultConfigurationIsVisible = 0;
		};
/* End XCConfigurationList section */
	};
	rootObject = BE72279C1A685A8100B2A6EE /* Project object */;
}
